// !$*UTF8*$!
{
	archiveVersion = 1;
	classes = {
	};
	objectVersion = 50;
	objects = {

/* Begin PBXBuildFile section */
		9E335F412432621D0031D92E /* AppDelegate.swift in Sources */ = {isa = PBXBuildFile; fileRef = 9E335F402432621D0031D92E /* AppDelegate.swift */; };
		9E335F432432621D0031D92E /* SceneDelegate.swift in Sources */ = {isa = PBXBuildFile; fileRef = 9E335F422432621D0031D92E /* SceneDelegate.swift */; };
		9E335F452432621D0031D92E /* ContentView.swift in Sources */ = {isa = PBXBuildFile; fileRef = 9E335F442432621D0031D92E /* ContentView.swift */; };
		9E335F472432621E0031D92E /* Assets.xcassets in Resources */ = {isa = PBXBuildFile; fileRef = 9E335F462432621E0031D92E /* Assets.xcassets */; };
		9E335F4A2432621E0031D92E /* Preview Assets.xcassets in Resources */ = {isa = PBXBuildFile; fileRef = 9E335F492432621E0031D92E /* Preview Assets.xcassets */; };
		9E335F4D2432621E0031D92E /* LaunchScreen.storyboard in Resources */ = {isa = PBXBuildFile; fileRef = 9E335F4B2432621E0031D92E /* LaunchScreen.storyboard */; };
		9E335F55243263CB0031D92E /* GameManager.swift in Sources */ = {isa = PBXBuildFile; fileRef = 9E335F54243263CB0031D92E /* GameManager.swift */; };
		9E335F5724326E970031D92E /* ViewControllerPresenter.swift in Sources */ = {isa = PBXBuildFile; fileRef = 9E335F5624326E970031D92E /* ViewControllerPresenter.swift */; };
		9E335F5A24326FFE0031D92E /* ViewControllerPresenterView.swift in Sources */ = {isa = PBXBuildFile; fileRef = 9E335F5924326FFE0031D92E /* ViewControllerPresenterView.swift */; };
		9E335F5D24329BCF0031D92E /* GameKit.framework in Frameworks */ = {isa = PBXBuildFile; fileRef = 9E335F5C24329BCF0031D92E /* GameKit.framework */; };
/* End PBXBuildFile section */

/* Begin PBXFileReference section */
		9E335F3D2432621D0031D92E /* GameKitExample.app */ = {isa = PBXFileReference; explicitFileType = wrapper.application; includeInIndex = 0; path = GameKitExample.app; sourceTree = BUILT_PRODUCTS_DIR; };
		9E335F402432621D0031D92E /* AppDelegate.swift */ = {isa = PBXFileReference; lastKnownFileType = sourcecode.swift; path = AppDelegate.swift; sourceTree = "<group>"; };
		9E335F422432621D0031D92E /* SceneDelegate.swift */ = {isa = PBXFileReference; lastKnownFileType = sourcecode.swift; path = SceneDelegate.swift; sourceTree = "<group>"; };
		9E335F442432621D0031D92E /* ContentView.swift */ = {isa = PBXFileReference; lastKnownFileType = sourcecode.swift; path = ContentView.swift; sourceTree = "<group>"; };
		9E335F462432621E0031D92E /* Assets.xcassets */ = {isa = PBXFileReference; lastKnownFileType = folder.assetcatalog; path = Assets.xcassets; sourceTree = "<group>"; };
		9E335F492432621E0031D92E /* Preview Assets.xcassets */ = {isa = PBXFileReference; lastKnownFileType = folder.assetcatalog; path = "Preview Assets.xcassets"; sourceTree = "<group>"; };
		9E335F4C2432621E0031D92E /* Base */ = {isa = PBXFileReference; lastKnownFileType = file.storyboard; name = Base; path = Base.lproj/LaunchScreen.storyboard; sourceTree = "<group>"; };
		9E335F4E2432621E0031D92E /* Info.plist */ = {isa = PBXFileReference; lastKnownFileType = text.plist.xml; path = Info.plist; sourceTree = "<group>"; };
		9E335F54243263CB0031D92E /* GameManager.swift */ = {isa = PBXFileReference; lastKnownFileType = sourcecode.swift; path = GameManager.swift; sourceTree = "<group>"; };
		9E335F5624326E970031D92E /* ViewControllerPresenter.swift */ = {isa = PBXFileReference; lastKnownFileType = sourcecode.swift; path = ViewControllerPresenter.swift; sourceTree = "<group>"; };
		9E335F5924326FFE0031D92E /* ViewControllerPresenterView.swift */ = {isa = PBXFileReference; lastKnownFileType = sourcecode.swift; path = ViewControllerPresenterView.swift; sourceTree = "<group>"; };
		9E335F5C24329BCF0031D92E /* GameKit.framework */ = {isa = PBXFileReference; lastKnownFileType = wrapper.framework; name = GameKit.framework; path = System/Library/Frameworks/GameKit.framework; sourceTree = SDKROOT; };
/* End PBXFileReference section */

/* Begin PBXFrameworksBuildPhase section */
		9E335F3A2432621D0031D92E /* Frameworks */ = {
			isa = PBXFrameworksBuildPhase;
			buildActionMask = 2147483647;
			files = (
				9E335F5D24329BCF0031D92E /* GameKit.framework in Frameworks */,
			);
			runOnlyForDeploymentPostprocessing = 0;
		};
/* End PBXFrameworksBuildPhase section */

/* Begin PBXGroup section */
		9E335F342432621D0031D92E = {
			isa = PBXGroup;
			children = (
				9E335F3F2432621D0031D92E /* GameKitExample */,
				9E335F3E2432621D0031D92E /* Products */,
				9E335F5B24329BCF0031D92E /* Frameworks */,
			);
			sourceTree = "<group>";
		};
		9E335F3E2432621D0031D92E /* Products */ = {
			isa = PBXGroup;
			children = (
				9E335F3D2432621D0031D92E /* GameKitExample.app */,
			);
			name = Products;
			sourceTree = "<group>";
		};
		9E335F3F2432621D0031D92E /* GameKitExample */ = {
			isa = PBXGroup;
			children = (
				9E335F5824326FD60031D92E /* ViewControllerPresenter */,
				9E335F54243263CB0031D92E /* GameManager.swift */,
				9E335F402432621D0031D92E /* AppDelegate.swift */,
				9E335F422432621D0031D92E /* SceneDelegate.swift */,
				9E335F442432621D0031D92E /* ContentView.swift */,
				9E335F462432621E0031D92E /* Assets.xcassets */,
				9E335F4B2432621E0031D92E /* LaunchScreen.storyboard */,
				9E335F4E2432621E0031D92E /* Info.plist */,
				9E335F482432621E0031D92E /* Preview Content */,
			);
			path = GameKitExample;
			sourceTree = "<group>";
		};
		9E335F482432621E0031D92E /* Preview Content */ = {
			isa = PBXGroup;
			children = (
				9E335F492432621E0031D92E /* Preview Assets.xcassets */,
			);
			path = "Preview Content";
			sourceTree = "<group>";
		};
		9E335F5824326FD60031D92E /* ViewControllerPresenter */ = {
			isa = PBXGroup;
			children = (
				9E335F5624326E970031D92E /* ViewControllerPresenter.swift */,
				9E335F5924326FFE0031D92E /* ViewControllerPresenterView.swift */,
			);
			path = ViewControllerPresenter;
			sourceTree = "<group>";
		};
		9E335F5B24329BCF0031D92E /* Frameworks */ = {
			isa = PBXGroup;
			children = (
				9E335F5C24329BCF0031D92E /* GameKit.framework */,
			);
			name = Frameworks;
			sourceTree = "<group>";
		};
/* End PBXGroup section */

/* Begin PBXNativeTarget section */
		9E335F3C2432621D0031D92E /* GameKitExample */ = {
			isa = PBXNativeTarget;
			buildConfigurationList = 9E335F512432621E0031D92E /* Build configuration list for PBXNativeTarget "GameKitExample" */;
			buildPhases = (
				9E335F392432621D0031D92E /* Sources */,
				9E335F3A2432621D0031D92E /* Frameworks */,
				9E335F3B2432621D0031D92E /* Resources */,
			);
			buildRules = (
			);
			dependencies = (
			);
			name = GameKitExample;
			productName = GameKitExample;
			productReference = 9E335F3D2432621D0031D92E /* GameKitExample.app */;
			productType = "com.apple.product-type.application";
		};
/* End PBXNativeTarget section */

/* Begin PBXProject section */
		9E335F352432621D0031D92E /* Project object */ = {
			isa = PBXProject;
			attributes = {
				LastSwiftUpdateCheck = 1140;
				LastUpgradeCheck = 1140;
				ORGANIZATIONNAME = "Sebastian Buys";
				TargetAttributes = {
					9E335F3C2432621D0031D92E = {
						CreatedOnToolsVersion = 11.4;
					};
				};
			};
			buildConfigurationList = 9E335F382432621D0031D92E /* Build configuration list for PBXProject "GameKitExample" */;
			compatibilityVersion = "Xcode 9.3";
			developmentRegion = en;
			hasScannedForEncodings = 0;
			knownRegions = (
				en,
				Base,
			);
			mainGroup = 9E335F342432621D0031D92E;
			productRefGroup = 9E335F3E2432621D0031D92E /* Products */;
			projectDirPath = "";
			projectRoot = "";
			targets = (
				9E335F3C2432621D0031D92E /* GameKitExample */,
			);
		};
/* End PBXProject section */

/* Begin PBXResourcesBuildPhase section */
		9E335F3B2432621D0031D92E /* Resources */ = {
			isa = PBXResourcesBuildPhase;
			buildActionMask = 2147483647;
			files = (
				9E335F4D2432621E0031D92E /* LaunchScreen.storyboard in Resources */,
				9E335F4A2432621E0031D92E /* Preview Assets.xcassets in Resources */,
				9E335F472432621E0031D92E /* Assets.xcassets in Resources */,
			);
			runOnlyForDeploymentPostprocessing = 0;
		};
/* End PBXResourcesBuildPhase section */

/* Begin PBXSourcesBuildPhase section */
		9E335F392432621D0031D92E /* Sources */ = {
			isa = PBXSourcesBuildPhase;
			buildActionMask = 2147483647;
			files = (
				9E335F412432621D0031D92E /* AppDelegate.swift in Sources */,
				9E335F55243263CB0031D92E /* GameManager.swift in Sources */,
				9E335F432432621D0031D92E /* SceneDelegate.swift in Sources */,
				9E335F5724326E970031D92E /* ViewControllerPresenter.swift in Sources */,
				9E335F5A24326FFE0031D92E /* ViewControllerPresenterView.swift in Sources */,
				9E335F452432621D0031D92E /* ContentView.swift in Sources */,
			);
			runOnlyForDeploymentPostprocessing = 0;
		};
/* End PBXSourcesBuildPhase section */

/* Begin PBXVariantGroup section */
		9E335F4B2432621E0031D92E /* LaunchScreen.storyboard */ = {
			isa = PBXVariantGroup;
			children = (
				9E335F4C2432621E0031D92E /* Base */,
			);
			name = LaunchScreen.storyboard;
			sourceTree = "<group>";
		};
/* End PBXVariantGroup section */

/* Begin XCBuildConfiguration section */
		9E335F4F2432621E0031D92E /* Debug */ = {
			isa = XCBuildConfiguration;
			buildSettings = {
				ALWAYS_SEARCH_USER_PATHS = NO;
				CLANG_ANALYZER_NONNULL = YES;
				CLANG_ANALYZER_NUMBER_OBJECT_CONVERSION = YES_AGGRESSIVE;
				CLANG_CXX_LANGUAGE_STANDARD = "gnu++14";
				CLANG_CXX_LIBRARY = "libc++";
				CLANG_ENABLE_MODULES = YES;
				CLANG_ENABLE_OBJC_ARC = YES;
				CLANG_ENABLE_OBJC_WEAK = YES;
				CLANG_WARN_BLOCK_CAPTURE_AUTORELEASING = YES;
				CLANG_WARN_BOOL_CONVERSION = YES;
				CLANG_WARN_COMMA = YES;
				CLANG_WARN_CONSTANT_CONVERSION = YES;
				CLANG_WARN_DEPRECATED_OBJC_IMPLEMENTATIONS = YES;
				CLANG_WARN_DIRECT_OBJC_ISA_USAGE = YES_ERROR;
				CLANG_WARN_DOCUMENTATION_COMMENTS = YES;
				CLANG_WARN_EMPTY_BODY = YES;
				CLANG_WARN_ENUM_CONVERSION = YES;
				CLANG_WARN_INFINITE_RECURSION = YES;
				CLANG_WARN_INT_CONVERSION = YES;
				CLANG_WARN_NON_LITERAL_NULL_CONVERSION = YES;
				CLANG_WARN_OBJC_IMPLICIT_RETAIN_SELF = YES;
				CLANG_WARN_OBJC_LITERAL_CONVERSION = YES;
				CLANG_WARN_OBJC_ROOT_CLASS = YES_ERROR;
				CLANG_WARN_RANGE_LOOP_ANALYSIS = YES;
				CLANG_WARN_STRICT_PROTOTYPES = YES;
				CLANG_WARN_SUSPICIOUS_MOVE = YES;
				CLANG_WARN_UNGUARDED_AVAILABILITY = YES_AGGRESSIVE;
				CLANG_WARN_UNREACHABLE_CODE = YES;
				CLANG_WARN__DUPLICATE_METHOD_MATCH = YES;
				COPY_PHASE_STRIP = NO;
				DEBUG_INFORMATION_FORMAT = dwarf;
				ENABLE_STRICT_OBJC_MSGSEND = YES;
				ENABLE_TESTABILITY = YES;
				GCC_C_LANGUAGE_STANDARD = gnu11;
				GCC_DYNAMIC_NO_PIC = NO;
				GCC_NO_COMMON_BLOCKS = YES;
				GCC_OPTIMIZATION_LEVEL = 0;
				GCC_PREPROCESSOR_DEFINITIONS = (
					"DEBUG=1",
					"$(inherited)",
				);
				GCC_WARN_64_TO_32_BIT_CONVERSION = YES;
				GCC_WARN_ABOUT_RETURN_TYPE = YES_ERROR;
				GCC_WARN_UNDECLARED_SELECTOR = YES;
				GCC_WARN_UNINITIALIZED_AUTOS = YES_AGGRESSIVE;
				GCC_WARN_UNUSED_FUNCTION = YES;
				GCC_WARN_UNUSED_VARIABLE = YES;
				IPHONEOS_DEPLOYMENT_TARGET = 13.4;
				MTL_ENABLE_DEBUG_INFO = INCLUDE_SOURCE;
				MTL_FAST_MATH = YES;
				ONLY_ACTIVE_ARCH = YES;
				SDKROOT = iphoneos;
				SWIFT_ACTIVE_COMPILATION_CONDITIONS = DEBUG;
				SWIFT_OPTIMIZATION_LEVEL = "-Onone";
			};
			name = Debug;
		};
		9E335F502432621E0031D92E /* Release */ = {
			isa = XCBuildConfiguration;
			buildSettings = {
				ALWAYS_SEARCH_USER_PATHS = NO;
				CLANG_ANALYZER_NONNULL = YES;
				CLANG_ANALYZER_NUMBER_OBJECT_CONVERSION = YES_AGGRESSIVE;
				CLANG_CXX_LANGUAGE_STANDARD = "gnu++14";
				CLANG_CXX_LIBRARY = "libc++";
				CLANG_ENABLE_MODULES = YES;
				CLANG_ENABLE_OBJC_ARC = YES;
				CLANG_ENABLE_OBJC_WEAK = YES;
				CLANG_WARN_BLOCK_CAPTURE_AUTORELEASING = YES;
				CLANG_WARN_BOOL_CONVERSION = YES;
				CLANG_WARN_COMMA = YES;
				CLANG_WARN_CONSTANT_CONVERSION = YES;
				CLANG_WARN_DEPRECATED_OBJC_IMPLEMENTATIONS = YES;
				CLANG_WARN_DIRECT_OBJC_ISA_USAGE = YES_ERROR;
				CLANG_WARN_DOCUMENTATION_COMMENTS = YES;
				CLANG_WARN_EMPTY_BODY = YES;
				CLANG_WARN_ENUM_CONVERSION = YES;
				CLANG_WARN_INFINITE_RECURSION = YES;
				CLANG_WARN_INT_CONVERSION = YES;
				CLANG_WARN_NON_LITERAL_NULL_CONVERSION = YES;
				CLANG_WARN_OBJC_IMPLICIT_RETAIN_SELF = YES;
				CLANG_WARN_OBJC_LITERAL_CONVERSION = YES;
				CLANG_WARN_OBJC_ROOT_CLASS = YES_ERROR;
				CLANG_WARN_RANGE_LOOP_ANALYSIS = YES;
				CLANG_WARN_STRICT_PROTOTYPES = YES;
				CLANG_WARN_SUSPICIOUS_MOVE = YES;
				CLANG_WARN_UNGUARDED_AVAILABILITY = YES_AGGRESSIVE;
				CLANG_WARN_UNREACHABLE_CODE = YES;
				CLANG_WARN__DUPLICATE_METHOD_MATCH = YES;
				COPY_PHASE_STRIP = NO;
				DEBUG_INFORMATION_FORMAT = "dwarf-with-dsym";
				ENABLE_NS_ASSERTIONS = NO;
				ENABLE_STRICT_OBJC_MSGSEND = YES;
				GCC_C_LANGUAGE_STANDARD = gnu11;
				GCC_NO_COMMON_BLOCKS = YES;
				GCC_WARN_64_TO_32_BIT_CONVERSION = YES;
				GCC_WARN_ABOUT_RETURN_TYPE = YES_ERROR;
				GCC_WARN_UNDECLARED_SELECTOR = YES;
				GCC_WARN_UNINITIALIZED_AUTOS = YES_AGGRESSIVE;
				GCC_WARN_UNUSED_FUNCTION = YES;
				GCC_WARN_UNUSED_VARIABLE = YES;
				IPHONEOS_DEPLOYMENT_TARGET = 13.4;
				MTL_ENABLE_DEBUG_INFO = NO;
				MTL_FAST_MATH = YES;
				SDKROOT = iphoneos;
				SWIFT_COMPILATION_MODE = wholemodule;
				SWIFT_OPTIMIZATION_LEVEL = "-O";
				VALIDATE_PRODUCT = YES;
			};
			name = Release;
		};
		9E335F522432621E0031D92E /* Debug */ = {
			isa = XCBuildConfiguration;
			buildSettings = {
				ASSETCATALOG_COMPILER_APPICON_NAME = AppIcon;
				CODE_SIGN_STYLE = Automatic;
				DEVELOPMENT_ASSET_PATHS = "\"GameKitExample/Preview Content\"";
				DEVELOPMENT_TEAM = HY8AUX8L27;
				ENABLE_PREVIEWS = YES;
				INFOPLIST_FILE = GameKitExample/Info.plist;
				IPHONEOS_DEPLOYMENT_TARGET = 13.3;
				LD_RUNPATH_SEARCH_PATHS = (
					"$(inherited)",
					"@executable_path/Frameworks",
				);
				PRODUCT_BUNDLE_IDENTIFIER = studio.linebreak.GameKitExample;
				PRODUCT_NAME = "$(TARGET_NAME)";
				SWIFT_VERSION = 5.0;
				TARGETED_DEVICE_FAMILY = "1,2";
			};
			name = Debug;
		};
		9E335F532432621E0031D92E /* Release */ = {
			isa = XCBuildConfiguration;
			buildSettings = {
				ASSETCATALOG_COMPILER_APPICON_NAME = AppIcon;
				CODE_SIGN_STYLE = Automatic;
				DEVELOPMENT_ASSET_PATHS = "\"GameKitExample/Preview Content\"";
				DEVELOPMENT_TEAM = HY8AUX8L27;
				ENABLE_PREVIEWS = YES;
				INFOPLIST_FILE = GameKitExample/Info.plist;
				IPHONEOS_DEPLOYMENT_TARGET = 13.3;
				LD_RUNPATH_SEARCH_PATHS = (
					"$(inherited)",
					"@executable_path/Frameworks",
				);
				PRODUCT_BUNDLE_IDENTIFIER = studio.linebreak.GameKitExample;
				PRODUCT_NAME = "$(TARGET_NAME)";
				SWIFT_VERSION = 5.0;
				TARGETED_DEVICE_FAMILY = "1,2";
			};
			name = Release;
		};
/* End XCBuildConfiguration section */

/* Begin XCConfigurationList section */
		9E335F382432621D0031D92E /* Build configuration list for PBXProject "GameKitExample" */ = {
			isa = XCConfigurationList;
			buildConfigurations = (
				9E335F4F2432621E0031D92E /* Debug */,
				9E335F502432621E0031D92E /* Release */,
			);
			defaultConfigurationIsVisible = 0;
			defaultConfigurationName = Release;
		};
		9E335F512432621E0031D92E /* Build configuration list for PBXNativeTarget "GameKitExample" */ = {
			isa = XCConfigurationList;
			buildConfigurations = (
				9E335F522432621E0031D92E /* Debug */,
				9E335F532432621E0031D92E /* Release */,
			);
			defaultConfigurationIsVisible = 0;
			defaultConfigurationName = Release;
		};
/* End XCConfigurationList section */
	};
	rootObject = 9E335F352432621D0031D92E /* Project object */;
}
